// !$*UTF8*$!
{
	archiveVersion = 1;
	classes = {
	};
	objectVersion = 56;
	objects = {

/* Begin PBXBuildFile section */
		1F3AEEEF29031B0100EA62BA /* AppDelegate.swift in Sources */ = {isa = PBXBuildFile; fileRef = 1F3AEEEE29031B0100EA62BA /* AppDelegate.swift */; };
		1F3AEEF129031B0100EA62BA /* SceneDelegate.swift in Sources */ = {isa = PBXBuildFile; fileRef = 1F3AEEF029031B0100EA62BA /* SceneDelegate.swift */; };
		1F3AEEF829031B0400EA62BA /* Assets.xcassets in Resources */ = {isa = PBXBuildFile; fileRef = 1F3AEEF729031B0400EA62BA /* Assets.xcassets */; };
		1F3AEEFB29031B0400EA62BA /* LaunchScreen.storyboard in Resources */ = {isa = PBXBuildFile; fileRef = 1F3AEEF929031B0400EA62BA /* LaunchScreen.storyboard */; };
		1F3AEF0629031B2400EA62BA /* DataManager.swift in Sources */ = {isa = PBXBuildFile; fileRef = 1F3AEF0329031B2300EA62BA /* DataManager.swift */; };
		1F3AEF0729031B2400EA62BA /* Person.swift in Sources */ = {isa = PBXBuildFile; fileRef = 1F3AEF0529031B2400EA62BA /* Person.swift */; };
		1F3AEF0C29031B6700EA62BA /* PortraitViewController.swift in Sources */ = {isa = PBXBuildFile; fileRef = 1F3AEF0929031B6700EA62BA /* PortraitViewController.swift */; };
		1F3AEF0D29031B6700EA62BA /* FullListTableViewController.swift in Sources */ = {isa = PBXBuildFile; fileRef = 1F3AEF0A29031B6700EA62BA /* FullListTableViewController.swift */; };
		1F3AEF0E29031B6700EA62BA /* ContactsTableViewController.swift in Sources */ = {isa = PBXBuildFile; fileRef = 1F3AEF0B29031B6700EA62BA /* ContactsTableViewController.swift */; };
		1F3AEF1029031B7B00EA62BA /* Main.storyboard in Resources */ = {isa = PBXBuildFile; fileRef = 1F3AEF0F29031B7B00EA62BA /* Main.storyboard */; };
		1F3AEF1229031EFC00EA62BA /* ContactList.swift in Sources */ = {isa = PBXBuildFile; fileRef = 1F3AEF1129031EFC00EA62BA /* ContactList.swift */; };
/* End PBXBuildFile section */

/* Begin PBXFileReference section */
		1F3AEEEB29031B0100EA62BA /* Contact list.app */ = {isa = PBXFileReference; explicitFileType = wrapper.application; includeInIndex = 0; path = "Contact list.app"; sourceTree = BUILT_PRODUCTS_DIR; };
		1F3AEEEE29031B0100EA62BA /* AppDelegate.swift */ = {isa = PBXFileReference; lastKnownFileType = sourcecode.swift; path = AppDelegate.swift; sourceTree = "<group>"; };
		1F3AEEF029031B0100EA62BA /* SceneDelegate.swift */ = {isa = PBXFileReference; lastKnownFileType = sourcecode.swift; path = SceneDelegate.swift; sourceTree = "<group>"; };
		1F3AEEF729031B0400EA62BA /* Assets.xcassets */ = {isa = PBXFileReference; lastKnownFileType = folder.assetcatalog; path = Assets.xcassets; sourceTree = "<group>"; };
		1F3AEEFA29031B0400EA62BA /* Base */ = {isa = PBXFileReference; lastKnownFileType = file.storyboard; name = Base; path = Base.lproj/LaunchScreen.storyboard; sourceTree = "<group>"; };
		1F3AEEFC29031B0400EA62BA /* Info.plist */ = {isa = PBXFileReference; lastKnownFileType = text.plist.xml; path = Info.plist; sourceTree = "<group>"; };
		1F3AEF0329031B2300EA62BA /* DataManager.swift */ = {isa = PBXFileReference; fileEncoding = 4; lastKnownFileType = sourcecode.swift; path = DataManager.swift; sourceTree = "<group>"; };
		1F3AEF0529031B2400EA62BA /* Person.swift */ = {isa = PBXFileReference; fileEncoding = 4; lastKnownFileType = sourcecode.swift; path = Person.swift; sourceTree = "<group>"; };
		1F3AEF0929031B6700EA62BA /* PortraitViewController.swift */ = {isa = PBXFileReference; fileEncoding = 4; lastKnownFileType = sourcecode.swift; path = PortraitViewController.swift; sourceTree = "<group>"; };
		1F3AEF0A29031B6700EA62BA /* FullListTableViewController.swift */ = {isa = PBXFileReference; fileEncoding = 4; lastKnownFileType = sourcecode.swift; path = FullListTableViewController.swift; sourceTree = "<group>"; };
		1F3AEF0B29031B6700EA62BA /* ContactsTableViewController.swift */ = {isa = PBXFileReference; fileEncoding = 4; lastKnownFileType = sourcecode.swift; path = ContactsTableViewController.swift; sourceTree = "<group>"; };
		1F3AEF0F29031B7B00EA62BA /* Main.storyboard */ = {isa = PBXFileReference; fileEncoding = 4; lastKnownFileType = file.storyboard; path = Main.storyboard; sourceTree = "<group>"; };
		1F3AEF1129031EFC00EA62BA /* ContactList.swift */ = {isa = PBXFileReference; fileEncoding = 4; lastKnownFileType = sourcecode.swift; path = ContactList.swift; sourceTree = "<group>"; };
/* End PBXFileReference section */

/* Begin PBXFrameworksBuildPhase section */
		1F3AEEE829031B0100EA62BA /* Frameworks */ = {
			isa = PBXFrameworksBuildPhase;
			buildActionMask = 2147483647;
			files = (
			);
			runOnlyForDeploymentPostprocessing = 0;
		};
/* End PBXFrameworksBuildPhase section */

/* Begin PBXGroup section */
		1F3AEEE229031B0100EA62BA = {
			isa = PBXGroup;
			children = (
				1F3AEEED29031B0100EA62BA /* Contact list */,
				1F3AEEEC29031B0100EA62BA /* Products */,
			);
			sourceTree = "<group>";
		};
		1F3AEEEC29031B0100EA62BA /* Products */ = {
			isa = PBXGroup;
			children = (
				1F3AEEEB29031B0100EA62BA /* Contact list.app */,
			);
			name = Products;
			sourceTree = "<group>";
		};
		1F3AEEED29031B0100EA62BA /* Contact list */ = {
			isa = PBXGroup;
			children = (
				1F3AEF0229031B2300EA62BA /* Data */,
				1F3AEF0429031B2400EA62BA /* Models */,
				1F3AEF0829031B6700EA62BA /* Controller */,
				1F3AEEEE29031B0100EA62BA /* AppDelegate.swift */,
				1F3AEEF029031B0100EA62BA /* SceneDelegate.swift */,
				1F3AEF0F29031B7B00EA62BA /* Main.storyboard */,
				1F3AEEF729031B0400EA62BA /* Assets.xcassets */,
				1F3AEEF929031B0400EA62BA /* LaunchScreen.storyboard */,
				1F3AEEFC29031B0400EA62BA /* Info.plist */,
			);
			path = "Contact list";
			sourceTree = "<group>";
		};
		1F3AEF0229031B2300EA62BA /* Data */ = {
			isa = PBXGroup;
			children = (
				1F3AEF0329031B2300EA62BA /* DataManager.swift */,
			);
			path = Data;
			sourceTree = "<group>";
		};
		1F3AEF0429031B2400EA62BA /* Models */ = {
			isa = PBXGroup;
			children = (
				1F3AEF0529031B2400EA62BA /* Person.swift */,
			);
			path = Models;
			sourceTree = "<group>";
		};
		1F3AEF0829031B6700EA62BA /* Controller */ = {
			isa = PBXGroup;
			children = (
				1F3AEF1129031EFC00EA62BA /* ContactList.swift */,
				1F3AEF0B29031B6700EA62BA /* ContactsTableViewController.swift */,
				1F3AEF0A29031B6700EA62BA /* FullListTableViewController.swift */,
				1F3AEF0929031B6700EA62BA /* PortraitViewController.swift */,
			);
			path = Controller;
			sourceTree = "<group>";
		};
/* End PBXGroup section */

/* Begin PBXNativeTarget section */
		1F3AEEEA29031B0100EA62BA /* Contact list */ = {
			isa = PBXNativeTarget;
			buildConfigurationList = 1F3AEEFF29031B0400EA62BA /* Build configuration list for PBXNativeTarget "Contact list" */;
			buildPhases = (
				1F3AEEE729031B0100EA62BA /* Sources */,
				1F3AEEE829031B0100EA62BA /* Frameworks */,
				1F3AEEE929031B0100EA62BA /* Resources */,
			);
			buildRules = (
			);
			dependencies = (
			);
			name = "Contact list";
			productName = "Contact list";
			productReference = 1F3AEEEB29031B0100EA62BA /* Contact list.app */;
			productType = "com.apple.product-type.application";
		};
/* End PBXNativeTarget section */

/* Begin PBXProject section */
		1F3AEEE329031B0100EA62BA /* Project object */ = {
			isa = PBXProject;
			attributes = {
				BuildIndependentTargetsInParallel = 1;
				LastSwiftUpdateCheck = 1400;
				LastUpgradeCheck = 1400;
				TargetAttributes = {
					1F3AEEEA29031B0100EA62BA = {
						CreatedOnToolsVersion = 14.0.1;
					};
				};
			};
			buildConfigurationList = 1F3AEEE629031B0100EA62BA /* Build configuration list for PBXProject "Contact list" */;
			compatibilityVersion = "Xcode 14.0";
			developmentRegion = en;
			hasScannedForEncodings = 0;
			knownRegions = (
				en,
				Base,
			);
			mainGroup = 1F3AEEE229031B0100EA62BA;
			productRefGroup = 1F3AEEEC29031B0100EA62BA /* Products */;
			projectDirPath = "";
			projectRoot = "";
			targets = (
				1F3AEEEA29031B0100EA62BA /* Contact list */,
			);
		};
/* End PBXProject section */

/* Begin PBXResourcesBuildPhase section */
		1F3AEEE929031B0100EA62BA /* Resources */ = {
			isa = PBXResourcesBuildPhase;
			buildActionMask = 2147483647;
			files = (
				1F3AEF1029031B7B00EA62BA /* Main.storyboard in Resources */,
				1F3AEEFB29031B0400EA62BA /* LaunchScreen.storyboard in Resources */,
				1F3AEEF829031B0400EA62BA /* Assets.xcassets in Resources */,
			);
			runOnlyForDeploymentPostprocessing = 0;
		};
/* End PBXResourcesBuildPhase section */

/* Begin PBXSourcesBuildPhase section */
		1F3AEEE729031B0100EA62BA /* Sources */ = {
			isa = PBXSourcesBuildPhase;
			buildActionMask = 2147483647;
			files = (
				1F3AEF1229031EFC00EA62BA /* ContactList.swift in Sources */,
				1F3AEF0D29031B6700EA62BA /* FullListTableViewController.swift in Sources */,
				1F3AEF0729031B2400EA62BA /* Person.swift in Sources */,
				1F3AEF0629031B2400EA62BA /* DataManager.swift in Sources */,
				1F3AEEEF29031B0100EA62BA /* AppDelegate.swift in Sources */,
				1F3AEEF129031B0100EA62BA /* SceneDelegate.swift in Sources */,
				1F3AEF0C29031B6700EA62BA /* PortraitViewController.swift in Sources */,
				1F3AEF0E29031B6700EA62BA /* ContactsTableViewController.swift in Sources */,
			);
			runOnlyForDeploymentPostprocessing = 0;
		};
/* End PBXSourcesBuildPhase section */

/* Begin PBXVariantGroup section */
		1F3AEEF929031B0400EA62BA /* LaunchScreen.storyboard */ = {
			isa = PBXVariantGroup;
			children = (
				1F3AEEFA29031B0400EA62BA /* Base */,
			);
			name = LaunchScreen.storyboard;
			sourceTree = "<group>";
		};
/* End PBXVariantGroup section */

/* Begin XCBuildConfiguration section */
		1F3AEEFD29031B0400EA62BA /* Debug */ = {
			isa = XCBuildConfiguration;
			buildSettings = {
				ALWAYS_SEARCH_USER_PATHS = NO;
				CLANG_ANALYZER_NONNULL = YES;
				CLANG_ANALYZER_NUMBER_OBJECT_CONVERSION = YES_AGGRESSIVE;
				CLANG_CXX_LANGUAGE_STANDARD = "gnu++20";
				CLANG_ENABLE_MODULES = YES;
				CLANG_ENABLE_OBJC_ARC = YES;
				CLANG_ENABLE_OBJC_WEAK = YES;
				CLANG_WARN_BLOCK_CAPTURE_AUTORELEASING = YES;
				CLANG_WARN_BOOL_CONVERSION = YES;
				CLANG_WARN_COMMA = YES;
				CLANG_WARN_CONSTANT_CONVERSION = YES;
				CLANG_WARN_DEPRECATED_OBJC_IMPLEMENTATIONS = YES;
				CLANG_WARN_DIRECT_OBJC_ISA_USAGE = YES_ERROR;
				CLANG_WARN_DOCUMENTATION_COMMENTS = YES;
				CLANG_WARN_EMPTY_BODY = YES;
				CLANG_WARN_ENUM_CONVERSION = YES;
				CLANG_WARN_INFINITE_RECURSION = YES;
				CLANG_WARN_INT_CONVERSION = YES;
				CLANG_WARN_NON_LITERAL_NULL_CONVERSION = YES;
				CLANG_WARN_OBJC_IMPLICIT_RETAIN_SELF = YES;
				CLANG_WARN_OBJC_LITERAL_CONVERSION = YES;
				CLANG_WARN_OBJC_ROOT_CLASS = YES_ERROR;
				CLANG_WARN_QUOTED_INCLUDE_IN_FRAMEWORK_HEADER = YES;
				CLANG_WARN_RANGE_LOOP_ANALYSIS = YES;
				CLANG_WARN_STRICT_PROTOTYPES = YES;
				CLANG_WARN_SUSPICIOUS_MOVE = YES;
				CLANG_WARN_UNGUARDED_AVAILABILITY = YES_AGGRESSIVE;
				CLANG_WARN_UNREACHABLE_CODE = YES;
				CLANG_WARN__DUPLICATE_METHOD_MATCH = YES;
				COPY_PHASE_STRIP = NO;
				DEBUG_INFORMATION_FORMAT = dwarf;
				ENABLE_STRICT_OBJC_MSGSEND = YES;
				ENABLE_TESTABILITY = YES;
				GCC_C_LANGUAGE_STANDARD = gnu11;
				GCC_DYNAMIC_NO_PIC = NO;
				GCC_NO_COMMON_BLOCKS = YES;
				GCC_OPTIMIZATION_LEVEL = 0;
				GCC_PREPROCESSOR_DEFINITIONS = (
					"DEBUG=1",
					"$(inherited)",
				);
				GCC_WARN_64_TO_32_BIT_CONVERSION = YES;
				GCC_WARN_ABOUT_RETURN_TYPE = YES_ERROR;
				GCC_WARN_UNDECLARED_SELECTOR = YES;
				GCC_WARN_UNINITIALIZED_AUTOS = YES_AGGRESSIVE;
				GCC_WARN_UNUSED_FUNCTION = YES;
				GCC_WARN_UNUSED_VARIABLE = YES;
				IPHONEOS_DEPLOYMENT_TARGET = 16.0;
				MTL_ENABLE_DEBUG_INFO = INCLUDE_SOURCE;
				MTL_FAST_MATH = YES;
				ONLY_ACTIVE_ARCH = YES;
				SDKROOT = iphoneos;
				SWIFT_ACTIVE_COMPILATION_CONDITIONS = DEBUG;
				SWIFT_OPTIMIZATION_LEVEL = "-Onone";
			};
			name = Debug;
		};
		1F3AEEFE29031B0400EA62BA /* Release */ = {
			isa = XCBuildConfiguration;
			buildSettings = {
				ALWAYS_SEARCH_USER_PATHS = NO;
				CLANG_ANALYZER_NONNULL = YES;
				CLANG_ANALYZER_NUMBER_OBJECT_CONVERSION = YES_AGGRESSIVE;
				CLANG_CXX_LANGUAGE_STANDARD = "gnu++20";
				CLANG_ENABLE_MODULES = YES;
				CLANG_ENABLE_OBJC_ARC = YES;
				CLANG_ENABLE_OBJC_WEAK = YES;
				CLANG_WARN_BLOCK_CAPTURE_AUTORELEASING = YES;
				CLANG_WARN_BOOL_CONVERSION = YES;
				CLANG_WARN_COMMA = YES;
				CLANG_WARN_CONSTANT_CONVERSION = YES;
				CLANG_WARN_DEPRECATED_OBJC_IMPLEMENTATIONS = YES;
				CLANG_WARN_DIRECT_OBJC_ISA_USAGE = YES_ERROR;
				CLANG_WARN_DOCUMENTATION_COMMENTS = YES;
				CLANG_WARN_EMPTY_BODY = YES;
				CLANG_WARN_ENUM_CONVERSION = YES;
				CLANG_WARN_INFINITE_RECURSION = YES;
				CLANG_WARN_INT_CONVERSION = YES;
				CLANG_WARN_NON_LITERAL_NULL_CONVERSION = YES;
				CLANG_WARN_OBJC_IMPLICIT_RETAIN_SELF = YES;
				CLANG_WARN_OBJC_LITERAL_CONVERSION = YES;
				CLANG_WARN_OBJC_ROOT_CLASS = YES_ERROR;
				CLANG_WARN_QUOTED_INCLUDE_IN_FRAMEWORK_HEADER = YES;
				CLANG_WARN_RANGE_LOOP_ANALYSIS = YES;
				CLANG_WARN_STRICT_PROTOTYPES = YES;
				CLANG_WARN_SUSPICIOUS_MOVE = YES;
				CLANG_WARN_UNGUARDED_AVAILABILITY = YES_AGGRESSIVE;
				CLANG_WARN_UNREACHABLE_CODE = YES;
				CLANG_WARN__DUPLICATE_METHOD_MATCH = YES;
				COPY_PHASE_STRIP = NO;
				DEBUG_INFORMATION_FORMAT = "dwarf-with-dsym";
				ENABLE_NS_ASSERTIONS = NO;
				ENABLE_STRICT_OBJC_MSGSEND = YES;
				GCC_C_LANGUAGE_STANDARD = gnu11;
				GCC_NO_COMMON_BLOCKS = YES;
				GCC_WARN_64_TO_32_BIT_CONVERSION = YES;
				GCC_WARN_ABOUT_RETURN_TYPE = YES_ERROR;
				GCC_WARN_UNDECLARED_SELECTOR = YES;
				GCC_WARN_UNINITIALIZED_AUTOS = YES_AGGRESSIVE;
				GCC_WARN_UNUSED_FUNCTION = YES;
				GCC_WARN_UNUSED_VARIABLE = YES;
				IPHONEOS_DEPLOYMENT_TARGET = 16.0;
				MTL_ENABLE_DEBUG_INFO = NO;
				MTL_FAST_MATH = YES;
				SDKROOT = iphoneos;
				SWIFT_COMPILATION_MODE = wholemodule;
				SWIFT_OPTIMIZATION_LEVEL = "-O";
				VALIDATE_PRODUCT = YES;
			};
			name = Release;
		};
		1F3AEF0029031B0400EA62BA /* Debug */ = {
			isa = XCBuildConfiguration;
			buildSettings = {
				ASSETCATALOG_COMPILER_APPICON_NAME = AppIcon;
				ASSETCATALOG_COMPILER_GLOBAL_ACCENT_COLOR_NAME = AccentColor;
				CODE_SIGN_STYLE = Automatic;
				CURRENT_PROJECT_VERSION = 1;
				DEVELOPMENT_TEAM = 3Y6F75U8FC;
				GENERATE_INFOPLIST_FILE = YES;
				INFOPLIST_FILE = "Contact list/Info.plist";
				INFOPLIST_KEY_UIApplicationSupportsIndirectInputEvents = YES;
				INFOPLIST_KEY_UILaunchStoryboardName = LaunchScreen;
				INFOPLIST_KEY_UIMainStoryboardFile = Main;
				INFOPLIST_KEY_UISupportedInterfaceOrientations_iPad = "UIInterfaceOrientationPortrait UIInterfaceOrientationPortraitUpsideDown UIInterfaceOrientationLandscapeLeft UIInterfaceOrientationLandscapeRight";
				INFOPLIST_KEY_UISupportedInterfaceOrientations_iPhone = "UIInterfaceOrientationPortrait UIInterfaceOrientationLandscapeLeft UIInterfaceOrientationLandscapeRight";
				LD_RUNPATH_SEARCH_PATHS = (
					"$(inherited)",
					"@executable_path/Frameworks",
				);
				MARKETING_VERSION = 1.0;
				PRODUCT_BUNDLE_IDENTIFIER = "A.Gnilitskiy.Contact-list";
				PRODUCT_NAME = "$(TARGET_NAME)";
				SWIFT_EMIT_LOC_STRINGS = YES;
				SWIFT_VERSION = 5.0;
				TARGETED_DEVICE_FAMILY = "1,2";
			};
			name = Debug;
		};
		1F3AEF0129031B0400EA62BA /* Release */ = {
			isa = XCBuildConfiguration;
			buildSettings = {
				ASSETCATALOG_COMPILER_APPICON_NAME = AppIcon;
				ASSETCATALOG_COMPILER_GLOBAL_ACCENT_COLOR_NAME = AccentColor;
				CODE_SIGN_STYLE = Automatic;
				CURRENT_PROJECT_VERSION = 1;
				DEVELOPMENT_TEAM = 3Y6F75U8FC;
				GENERATE_INFOPLIST_FILE = YES;
				INFOPLIST_FILE = "Contact list/Info.plist";
				INFOPLIST_KEY_UIApplicationSupportsIndirectInputEvents = YES;
				INFOPLIST_KEY_UILaunchStoryboardName = LaunchScreen;
				INFOPLIST_KEY_UIMainStoryboardFile = Main;
				INFOPLIST_KEY_UISupportedInterfaceOrientations_iPad = "UIInterfaceOrientationPortrait UIInterfaceOrientationPortraitUpsideDown UIInterfaceOrientationLandscapeLeft UIInterfaceOrientationLandscapeRight";
				INFOPLIST_KEY_UISupportedInterfaceOrientations_iPhone = "UIInterfaceOrientationPortrait UIInterfaceOrientationLandscapeLeft UIInterfaceOrientationLandscapeRight";
				LD_RUNPATH_SEARCH_PATHS = (
					"$(inherited)",
					"@executable_path/Frameworks",
				);
				MARKETING_VERSION = 1.0;
				PRODUCT_BUNDLE_IDENTIFIER = "A.Gnilitskiy.Contact-list";
				PRODUCT_NAME = "$(TARGET_NAME)";
				SWIFT_EMIT_LOC_STRINGS = YES;
				SWIFT_VERSION = 5.0;
				TARGETED_DEVICE_FAMILY = "1,2";
			};
			name = Release;
		};
/* End XCBuildConfiguration section */

/* Begin XCConfigurationList section */
		1F3AEEE629031B0100EA62BA /* Build configuration list for PBXProject "Contact list" */ = {
			isa = XCConfigurationList;
			buildConfigurations = (
				1F3AEEFD29031B0400EA62BA /* Debug */,
				1F3AEEFE29031B0400EA62BA /* Release */,
			);
			defaultConfigurationIsVisible = 0;
			defaultConfigurationName = Release;
		};
		1F3AEEFF29031B0400EA62BA /* Build configuration list for PBXNativeTarget "Contact list" */ = {
			isa = XCConfigurationList;
			buildConfigurations = (
				1F3AEF0029031B0400EA62BA /* Debug */,
				1F3AEF0129031B0400EA62BA /* Release */,
			);
			defaultConfigurationIsVisible = 0;
			defaultConfigurationName = Release;
		};
/* End XCConfigurationList section */
	};
	rootObject = 1F3AEEE329031B0100EA62BA /* Project object */;
}
